
Microsoft Visual Studio Solution File, Format Version 12.00
Project("{FAE04EC0-301F-11D3-BF4B-00C04F79EFBC}") = "Threads_TutPart2_ConsoleApp", "Threads_TutPart2_ConsoleApp\Threads_TutPart2_ConsoleApp.csproj", "{FFB18F7B-EA86-4850-BBC3-28AC1CB244B3}"
EndProject
Project("{FAE04EC0-301F-11D3-BF4B-00C04F79EFBC}") = "ParameterizedThread_ClassParam", "ParameterizedThread_ClassParam\ParameterizedThread_ClassParam.csproj", "{213C87C0-9246-4D44-8DF0-50B55E32A4F7}"
EndProject
Project("{FAE04EC0-301F-11D3-BF4B-00C04F79EFBC}") = "ThreadSync_lock", "ThreadSync_lock\ThreadSync_lock.csproj", "{C650119B-7852-4418-96E6-5FDC88197972}"
EndProject
Project("{FAE04EC0-301F-11D3-BF4B-00C04F79EFBC}") = "ThreadSynq_Monitor_BlockingQueue", "ThreadSynq_Monitor_BlockingQueue\ThreadSynq_Monitor_BlockingQueue.csproj", "{C587A979-5A36-4DEC-89D0-766E35350F20}"
EndProject
Project("{FAE04EC0-301F-11D3-BF4B-00C04F79EFBC}") = "Threading_Albahari_Part1", "Threading_Albahari_Part1\Threading_Albahari_Part1.csproj", "{A5D4AB37-52C2-4960-B489-84C9B0C6573E}"
EndProject
Project("{FAE04EC0-301F-11D3-BF4B-00C04F79EFBC}") = "Threading_Albahari_Part2", "Threading_Albahari_Part2\Threading_Albahari_Part2.csproj", "{8E447894-934C-4EAD-A11B-E593DE4F1546}"
EndProject
Project("{FAE04EC0-301F-11D3-BF4B-00C04F79EFBC}") = "Deadlock_AccountExample", "Deadlock_AccountExample\Deadlock_AccountExample.csproj", "{AC4E11D1-7717-4352-AF1D-A8786A0B0035}"
EndProject
Project("{FAE04EC0-301F-11D3-BF4B-00C04F79EFBC}") = "DeadlockResolve_AccountExample", "DeadlockResolve_AccountExample\DeadlockResolve_AccountExample.csproj", "{D3B2C32C-4818-4B72-887B-7D7A97C6D827}"
EndProject
Project("{2150E333-8FDC-42A3-9474-1A3956D46DE8}") = "Deadlocks", "Deadlocks", "{1B403ABC-B186-461D-A1BC-9F50110E1A08}"
EndProject
Project("{FAE04EC0-301F-11D3-BF4B-00C04F79EFBC}") = "DeadlocksInDepth_Part1", "DeadlocksInDepth_Part1\DeadlocksInDepth_Part1.csproj", "{FA9A2FCE-951F-412C-A900-FFD421D19213}"
EndProject
Global
	GlobalSection(SolutionConfigurationPlatforms) = preSolution
		Debug|Any CPU = Debug|Any CPU
		Release|Any CPU = Release|Any CPU
	EndGlobalSection
	GlobalSection(ProjectConfigurationPlatforms) = postSolution
		{FFB18F7B-EA86-4850-BBC3-28AC1CB244B3}.Debug|Any CPU.ActiveCfg = Debug|Any CPU
		{FFB18F7B-EA86-4850-BBC3-28AC1CB244B3}.Debug|Any CPU.Build.0 = Debug|Any CPU
		{FFB18F7B-EA86-4850-BBC3-28AC1CB244B3}.Release|Any CPU.ActiveCfg = Release|Any CPU
		{FFB18F7B-EA86-4850-BBC3-28AC1CB244B3}.Release|Any CPU.Build.0 = Release|Any CPU
		{213C87C0-9246-4D44-8DF0-50B55E32A4F7}.Debug|Any CPU.ActiveCfg = Debug|Any CPU
		{213C87C0-9246-4D44-8DF0-50B55E32A4F7}.Debug|Any CPU.Build.0 = Debug|Any CPU
		{213C87C0-9246-4D44-8DF0-50B55E32A4F7}.Release|Any CPU.ActiveCfg = Release|Any CPU
		{213C87C0-9246-4D44-8DF0-50B55E32A4F7}.Release|Any CPU.Build.0 = Release|Any CPU
		{C650119B-7852-4418-96E6-5FDC88197972}.Debug|Any CPU.ActiveCfg = Debug|Any CPU
		{C650119B-7852-4418-96E6-5FDC88197972}.Debug|Any CPU.Build.0 = Debug|Any CPU
		{C650119B-7852-4418-96E6-5FDC88197972}.Release|Any CPU.ActiveCfg = Release|Any CPU
		{C650119B-7852-4418-96E6-5FDC88197972}.Release|Any CPU.Build.0 = Release|Any CPU
		{C587A979-5A36-4DEC-89D0-766E35350F20}.Debug|Any CPU.ActiveCfg = Debug|Any CPU
		{C587A979-5A36-4DEC-89D0-766E35350F20}.Debug|Any CPU.Build.0 = Debug|Any CPU
		{C587A979-5A36-4DEC-89D0-766E35350F20}.Release|Any CPU.ActiveCfg = Release|Any CPU
		{C587A979-5A36-4DEC-89D0-766E35350F20}.Release|Any CPU.Build.0 = Release|Any CPU
		{A5D4AB37-52C2-4960-B489-84C9B0C6573E}.Debug|Any CPU.ActiveCfg = Debug|Any CPU
		{A5D4AB37-52C2-4960-B489-84C9B0C6573E}.Debug|Any CPU.Build.0 = Debug|Any CPU
		{A5D4AB37-52C2-4960-B489-84C9B0C6573E}.Release|Any CPU.ActiveCfg = Release|Any CPU
		{A5D4AB37-52C2-4960-B489-84C9B0C6573E}.Release|Any CPU.Build.0 = Release|Any CPU
		{8E447894-934C-4EAD-A11B-E593DE4F1546}.Debug|Any CPU.ActiveCfg = Debug|Any CPU
		{8E447894-934C-4EAD-A11B-E593DE4F1546}.Debug|Any CPU.Build.0 = Debug|Any CPU
		{8E447894-934C-4EAD-A11B-E593DE4F1546}.Release|Any CPU.ActiveCfg = Release|Any CPU
		{8E447894-934C-4EAD-A11B-E593DE4F1546}.Release|Any CPU.Build.0 = Release|Any CPU
		{AC4E11D1-7717-4352-AF1D-A8786A0B0035}.Debug|Any CPU.ActiveCfg = Debug|Any CPU
		{AC4E11D1-7717-4352-AF1D-A8786A0B0035}.Debug|Any CPU.Build.0 = Debug|Any CPU
		{AC4E11D1-7717-4352-AF1D-A8786A0B0035}.Release|Any CPU.ActiveCfg = Release|Any CPU
		{AC4E11D1-7717-4352-AF1D-A8786A0B0035}.Release|Any CPU.Build.0 = Release|Any CPU
		{D3B2C32C-4818-4B72-887B-7D7A97C6D827}.Debug|Any CPU.ActiveCfg = Debug|Any CPU
		{D3B2C32C-4818-4B72-887B-7D7A97C6D827}.Debug|Any CPU.Build.0 = Debug|Any CPU
		{D3B2C32C-4818-4B72-887B-7D7A97C6D827}.Release|Any CPU.ActiveCfg = Release|Any CPU
		{D3B2C32C-4818-4B72-887B-7D7A97C6D827}.Release|Any CPU.Build.0 = Release|Any CPU
		{FA9A2FCE-951F-412C-A900-FFD421D19213}.Debug|Any CPU.ActiveCfg = Debug|Any CPU
		{FA9A2FCE-951F-412C-A900-FFD421D19213}.Debug|Any CPU.Build.0 = Debug|Any CPU
		{FA9A2FCE-951F-412C-A900-FFD421D19213}.Release|Any CPU.ActiveCfg = Release|Any CPU
		{FA9A2FCE-951F-412C-A900-FFD421D19213}.Release|Any CPU.Build.0 = Release|Any CPU
	EndGlobalSection
	GlobalSection(NestedProjects) = preSolution
		{AC4E11D1-7717-4352-AF1D-A8786A0B0035} = {1B403ABC-B186-461D-A1BC-9F50110E1A08}
		{D3B2C32C-4818-4B72-887B-7D7A97C6D827} = {1B403ABC-B186-461D-A1BC-9F50110E1A08}
		{FA9A2FCE-951F-412C-A900-FFD421D19213} = {1B403ABC-B186-461D-A1BC-9F50110E1A08}
	EndGlobalSection
EndGlobal
